
Microsoft Visual Studio Solution File, Format Version 12.00
# Visual Studio Version 16
VisualStudioVersion = 16.0.31005.135
MinimumVisualStudioVersion = 10.0.40219.1
Project("{FAE04EC0-301F-11D3-BF4B-00C04F79EFBC}") = "PhotosLookBackCam", "PhotosLookBackCam\PhotosLookBackCam.csproj", "{C667A143-66FA-4FD5-AB3D-F619C211E298}"
EndProject
Global
	GlobalSection(SolutionConfigurationPlatforms) = preSolution
		Debug|Any CPU = Debug|Any CPU
		Release|Any CPU = Release|Any CPU
	EndGlobalSection
	GlobalSection(ProjectConfigurationPlatforms) = postSolution
		{C667A143-66FA-4FD5-AB3D-F619C211E298}.Debug|Any CPU.ActiveCfg = Debug|Any CPU
		{C667A143-66FA-4FD5-AB3D-F619C211E298}.Debug|Any CPU.Build.0 = Debug|Any CPU
		{C667A143-66FA-4FD5-AB3D-F619C211E298}.Release|Any CPU.ActiveCfg = Release|Any CPU
		{C667A143-66FA-4FD5-AB3D-F619C211E298}.Release|Any CPU.Build.0 = Release|Any CPU
	EndGlobalSection
	GlobalSection(SolutionProperties) = preSolution
		HideSolutionNode = FALSE
	EndGlobalSection
	GlobalSection(ExtensibilityGlobals) = postSolution
		SolutionGuid = {D7B5F2F2-EE4C-4F11-8808-27D50ADF953E}
	EndGlobalSection
EndGlobal
